
Microsoft Visual Studio Solution File, Format Version 12.00
# Visual Studio 2012
Project("{FAE04EC0-301F-11D3-BF4B-00C04F79EFBC}") = "Naxam.LibPhoneNumber.Droid", "Naxam.LibPhoneNumber.Droid\Naxam.LibPhoneNumber.Droid.csproj", "{C4A5B198-946E-48D1-9B01-C5AFACD13B07}"
EndProject
Project("{2150E333-8FDC-42A3-9474-1A3956D46DE8}") = "demo", "demo", "{34E7F4C5-0FF8-4243-9E94-DD13286E82D6}"
EndProject
Project("{FAE04EC0-301F-11D3-BF4B-00C04F79EFBC}") = "LibPhoneNumberQs", "demo\LibPhoneNumberQs\LibPhoneNumberQs.csproj", "{0EB35119-8FC3-43F0-974D-44D2D0C15B49}"
EndProject
Global
	GlobalSection(SolutionConfigurationPlatforms) = preSolution
		Debug|Any CPU = Debug|Any CPU
		Release|Any CPU = Release|Any CPU
	EndGlobalSection
	GlobalSection(ProjectConfigurationPlatforms) = postSolution
		{C4A5B198-946E-48D1-9B01-C5AFACD13B07}.Debug|Any CPU.ActiveCfg = Debug|Any CPU
		{C4A5B198-946E-48D1-9B01-C5AFACD13B07}.Debug|Any CPU.Build.0 = Debug|Any CPU
		{C4A5B198-946E-48D1-9B01-C5AFACD13B07}.Release|Any CPU.ActiveCfg = Release|Any CPU
		{C4A5B198-946E-48D1-9B01-C5AFACD13B07}.Release|Any CPU.Build.0 = Release|Any CPU
		{0EB35119-8FC3-43F0-974D-44D2D0C15B49}.Debug|Any CPU.ActiveCfg = Debug|Any CPU
		{0EB35119-8FC3-43F0-974D-44D2D0C15B49}.Debug|Any CPU.Build.0 = Debug|Any CPU
		{0EB35119-8FC3-43F0-974D-44D2D0C15B49}.Release|Any CPU.ActiveCfg = Release|Any CPU
		{0EB35119-8FC3-43F0-974D-44D2D0C15B49}.Release|Any CPU.Build.0 = Release|Any CPU
	EndGlobalSection
	GlobalSection(NestedProjects) = preSolution
		{0EB35119-8FC3-43F0-974D-44D2D0C15B49} = {34E7F4C5-0FF8-4243-9E94-DD13286E82D6}
	EndGlobalSection
EndGlobal
